
Microsoft Visual Studio Solution File, Format Version 12.00
# Visual Studio Version 16
VisualStudioVersion = 16.0.29503.13
MinimumVisualStudioVersion = 10.0.40219.1
Project("{FAE04EC0-301F-11D3-BF4B-00C04F79EFBC}") = "SM.SMS.Web.Api", "SM.SMS.Web.Api.csproj", "{191CF705-98C5-4C73-ADBE-063FDA2E3522}"
EndProject
Global
	GlobalSection(SolutionConfigurationPlatforms) = preSolution
		Debug|Any CPU = Debug|Any CPU
		Release|Any CPU = Release|Any CPU
	EndGlobalSection
	GlobalSection(ProjectConfigurationPlatforms) = postSolution
		{191CF705-98C5-4C73-ADBE-063FDA2E3522}.Debug|Any CPU.ActiveCfg = Debug|Any CPU
		{191CF705-98C5-4C73-ADBE-063FDA2E3522}.Debug|Any CPU.Build.0 = Debug|Any CPU
		{191CF705-98C5-4C73-ADBE-063FDA2E3522}.Release|Any CPU.ActiveCfg = Release|Any CPU
		{191CF705-98C5-4C73-ADBE-063FDA2E3522}.Release|Any CPU.Build.0 = Release|Any CPU
	EndGlobalSection
	GlobalSection(SolutionProperties) = preSolution
		HideSolutionNode = FALSE
	EndGlobalSection
	GlobalSection(ExtensibilityGlobals) = postSolution
		SolutionGuid = {18717926-168E-46AF-8A58-B81946DCB67D}
	EndGlobalSection
EndGlobal
